PODS:
  - Flutter (1.0.0)
  - flutter_libtdjson (0.2.0)
  - libtdjson (0.0.1):
    - Flutter
    - flutter_libtdjson
  - path_provider (0.0.1):
    - Flutter
  - "permission_handler (5.1.0+2)":
    - Flutter

DEPENDENCIES:
  - Flutter (from `Flutter`)
  - libtdjson (from `.symlinks/plugins/libtdjson/ios`)
  - path_provider (from `.symlinks/plugins/path_provider/ios`)
  - permission_handler (from `.symlinks/plugins/permission_handler/ios`)

SPEC REPOS:
  trunk:
    - flutter_libtdjson

EXTERNAL SOURCES:
  Flutter:
    :path: Flutter
  libtdjson:
    :path: ".symlinks/plugins/libtdjson/ios"
  path_provider:
    :path: ".symlinks/plugins/path_provider/ios"
  permission_handler:
    :path: ".symlinks/plugins/permission_handler/ios"

SPEC CHECKSUMS:
  Flutter: 434fef37c0980e73bb6479ef766c45957d4b510c
  flutter_libtdjson: a79e7a0aff7ac95080ed473eb077f9a58c422136
  libtdjson: 69e5721af890d1c9f68920e2921f844194829636
  path_provider: abfe2b5c733d04e238b0d8691db0cfd63a27a93c
  permission_handler: ccb20a9fad0ee9b1314a52b70b76b473c5f8dab0

PODFILE CHECKSUM: 8e679eca47255a8ca8067c4c67aab20e64cb974d

COCOAPODS: 1.10.1
