PODS:
  - Flutter (1.0.0)
  - flutter_libtdjson (0.4.1)
  - libtdjson (0.0.1):
    - Flutter
    - flutter_libtdjson (= 0.4.1)
  - package_info_plus (0.4.5):
    - Flutter
  - path_provider_foundation (0.0.1):
    - Flutter
    - FlutterMacOS
  - permission_handler_apple (9.1.1):
    - Flutter

DEPENDENCIES:
  - Flutter (from `Flutter`)
  - libtdjson (from `.symlinks/plugins/libtdjson/ios`)
  - package_info_plus (from `.symlinks/plugins/package_info_plus/ios`)
  - path_provider_foundation (from `.symlinks/plugins/path_provider_foundation/darwin`)
  - permission_handler_apple (from `.symlinks/plugins/permission_handler_apple/ios`)

SPEC REPOS:
  trunk:
    - flutter_libtdjson

EXTERNAL SOURCES:
  Flutter:
    :path: Flutter
  libtdjson:
    :path: ".symlinks/plugins/libtdjson/ios"
  package_info_plus:
    :path: ".symlinks/plugins/package_info_plus/ios"
  path_provider_foundation:
    :path: ".symlinks/plugins/path_provider_foundation/darwin"
  permission_handler_apple:
    :path: ".symlinks/plugins/permission_handler_apple/ios"

SPEC CHECKSUMS:
  Flutter: e0871f40cf51350855a761d2e70bf5af5b9b5de7
  flutter_libtdjson: 731f3cc7b4b5e17c91a9032001e32fff2bfdea1b
  libtdjson: a7c78ca7ed957cafd19a1f37b3241fe0d90aa616
  package_info_plus: 6c92f08e1f853dc01228d6f553146438dafcd14e
  path_provider_foundation: 2b6b4c569c0fb62ec74538f866245ac84301af46
  permission_handler_apple: e76247795d700c14ea09e3a2d8855d41ee80a2e6

PODFILE CHECKSUM: 7096d69c085921256031c0b77f50e3baf9b14e24

COCOAPODS: 1.15.2
