PODS:
  - Flutter (1.0.0)
  - flutter_libtdjson (0.4.3)
  - libtdjson (0.0.1):
    - Flutter
    - flutter_libtdjson (= 0.4.3)
  - package_info_plus (0.4.5):
    - Flutter
  - path_provider_foundation (0.0.1):
    - Flutter
    - FlutterMacOS
  - permission_handler_apple (9.3.0):
    - Flutter

DEPENDENCIES:
  - Flutter (from `Flutter`)
  - libtdjson (from `.symlinks/plugins/libtdjson/ios`)
  - package_info_plus (from `.symlinks/plugins/package_info_plus/ios`)
  - path_provider_foundation (from `.symlinks/plugins/path_provider_foundation/darwin`)
  - permission_handler_apple (from `.symlinks/plugins/permission_handler_apple/ios`)

SPEC REPOS:
  trunk:
    - flutter_libtdjson

EXTERNAL SOURCES:
  Flutter:
    :path: Flutter
  libtdjson:
    :path: ".symlinks/plugins/libtdjson/ios"
  package_info_plus:
    :path: ".symlinks/plugins/package_info_plus/ios"
  path_provider_foundation:
    :path: ".symlinks/plugins/path_provider_foundation/darwin"
  permission_handler_apple:
    :path: ".symlinks/plugins/permission_handler_apple/ios"

SPEC CHECKSUMS:
  Flutter: e0871f40cf51350855a761d2e70bf5af5b9b5de7
  flutter_libtdjson: 8519ef010af1b5c721b4602e8bffe0fbe479433a
  libtdjson: 8dd9f06d23c3046d2d85114209e3acc51d322af1
  package_info_plus: 58f0028419748fad15bf008b270aaa8e54380b1c
  path_provider_foundation: 2b6b4c569c0fb62ec74538f866245ac84301af46
  permission_handler_apple: 9878588469a2b0d0fc1e048d9f43605f92e6cec2

PODFILE CHECKSUM: 7096d69c085921256031c0b77f50e3baf9b14e24

COCOAPODS: 1.16.2
