PODS:
  - flutter_libtdjson (1.8.65)
  - FlutterMacOS (1.0.0)
  - libtdjson (0.0.1):
    - flutter_libtdjson (= 1.8.65)
    - FlutterMacOS
  - package_info_plus (0.0.1):
    - FlutterMacOS

DEPENDENCIES:
  - FlutterMacOS (from `Flutter/ephemeral`)
  - libtdjson (from `Flutter/ephemeral/.symlinks/plugins/libtdjson/macos`)
  - package_info_plus (from `Flutter/ephemeral/.symlinks/plugins/package_info_plus/macos`)

SPEC REPOS:
  trunk:
    - flutter_libtdjson

EXTERNAL SOURCES:
  FlutterMacOS:
    :path: Flutter/ephemeral
  libtdjson:
    :path: Flutter/ephemeral/.symlinks/plugins/libtdjson/macos
  package_info_plus:
    :path: Flutter/ephemeral/.symlinks/plugins/package_info_plus/macos

SPEC CHECKSUMS:
  flutter_libtdjson: 58fbc5a899869c53a43ee1d6d5b62d3e53a0bab2
  FlutterMacOS: d0db08ddef1a9af05a5ec4b724367152bb0500b1
  libtdjson: 9170f80f44e01b1784fc803a351ab38211bd8a96
  package_info_plus: a8a591e70e87ce97ce5d21b2594f69cea9e0312f

PODFILE CHECKSUM: 8cdf29216ea1ab6b9743188287968d22b4579c1d

COCOAPODS: 1.16.2
