PODS:
  - flutter_libtdjson (0.4.3)
  - FlutterMacOS (1.0.0)
  - libtdjson (0.0.1):
    - flutter_libtdjson (= 0.4.3)
    - FlutterMacOS
  - package_info_plus (0.0.1):
    - FlutterMacOS
  - path_provider_foundation (0.0.1):
    - Flutter
    - FlutterMacOS

DEPENDENCIES:
  - FlutterMacOS (from `Flutter/ephemeral`)
  - libtdjson (from `Flutter/ephemeral/.symlinks/plugins/libtdjson/macos`)
  - package_info_plus (from `Flutter/ephemeral/.symlinks/plugins/package_info_plus/macos`)
  - path_provider_foundation (from `Flutter/ephemeral/.symlinks/plugins/path_provider_foundation/darwin`)

SPEC REPOS:
  trunk:
    - flutter_libtdjson

EXTERNAL SOURCES:
  FlutterMacOS:
    :path: Flutter/ephemeral
  libtdjson:
    :path: Flutter/ephemeral/.symlinks/plugins/libtdjson/macos
  package_info_plus:
    :path: Flutter/ephemeral/.symlinks/plugins/package_info_plus/macos
  path_provider_foundation:
    :path: Flutter/ephemeral/.symlinks/plugins/path_provider_foundation/darwin

SPEC CHECKSUMS:
  flutter_libtdjson: 8519ef010af1b5c721b4602e8bffe0fbe479433a
  FlutterMacOS: 8f6f14fa908a6fb3fba0cd85dbd81ec4b251fb24
  libtdjson: 5485dddd2359a5674abb77147d921f308d866aff
  package_info_plus: fa739dd842b393193c5ca93c26798dff6e3d0e0c
  path_provider_foundation: 2b6b4c569c0fb62ec74538f866245ac84301af46

PODFILE CHECKSUM: eec3430f260cde219af51c43f1bcfccf35ab54d0

COCOAPODS: 1.16.2
